
Microsoft Visual Studio Solution File, Format Version 12.00
# Visual Studio Version 17
VisualStudioVersion = 17.11.35327.3
MinimumVisualStudioVersion = 10.0.40219.1
Project("{8BC9CEB8-8B4A-11D0-8D11-00A0C91BC942}") = "TempProject", "TempProject\TempProject.vcxproj", "{C886567E-D63F-4510-BED6-927E352C7677}"
EndProject
Global
	GlobalSection(SolutionConfigurationPlatforms) = preSolution
		Debug|x64 = Debug|x64
		Debug|x86 = Debug|x86
		Release|x64 = Release|x64
		Release|x86 = Release|x86
	EndGlobalSection
	GlobalSection(ProjectConfigurationPlatforms) = postSolution
		{C886567E-D63F-4510-BED6-927E352C7677}.Debug|x64.ActiveCfg = Debug|x64
		{C886567E-D63F-4510-BED6-927E352C7677}.Debug|x64.Build.0 = Debug|x64
		{C886567E-D63F-4510-BED6-927E352C7677}.Debug|x86.ActiveCfg = Debug|Win32
		{C886567E-D63F-4510-BED6-927E352C7677}.Debug|x86.Build.0 = Debug|Win32
		{C886567E-D63F-4510-BED6-927E352C7677}.Release|x64.ActiveCfg = Release|x64
		{C886567E-D63F-4510-BED6-927E352C7677}.Release|x64.Build.0 = Release|x64
		{C886567E-D63F-4510-BED6-927E352C7677}.Release|x86.ActiveCfg = Release|Win32
		{C886567E-D63F-4510-BED6-927E352C7677}.Release|x86.Build.0 = Release|Win32
	EndGlobalSection
	GlobalSection(SolutionProperties) = preSolution
		HideSolutionNode = FALSE
	EndGlobalSection
	GlobalSection(ExtensibilityGlobals) = postSolution
		SolutionGuid = {86D34A05-AC1F-4851-8E45-A572E4045C89}
	EndGlobalSection
EndGlobal
